// !$*UTF8*$!
{
	archiveVersion = 1;
	classes = {
	};
	objectVersion = 77;
	objects = {

/* Begin PBXBuildFile section */
		02CAE4B039DE1A0A44D31600 /* GrowthEntry.swift in Sources */ = {isa = PBXBuildFile; fileRef = 445916578FF3112912C0E02D /* GrowthEntry.swift */; };
		03C7164075FA330097A87835 /* BBCard.swift in Sources */ = {isa = PBXBuildFile; fileRef = 82422A5254915B1796A78F89 /* BBCard.swift */; };
		0DDA3CF5404C2BCE5AF9A6AE /* FeedingEntry.swift in Sources */ = {isa = PBXBuildFile; fileRef = C8C7A14DC237AE71B9E56C45 /* FeedingEntry.swift */; };
		11094C9AC10A2830CF27EF8D /* WelcomePage.swift in Sources */ = {isa = PBXBuildFile; fileRef = FDEB05535F410B101D28D335 /* WelcomePage.swift */; };
		15324BCE157C7C95AD21B2E5 /* ru.json in Resources */ = {isa = PBXBuildFile; fileRef = 9E61620C5985E78F54CE8166 /* ru.json */; };
		15B8335B7F4AF5B7B2A7FDE3 /* GeneratingPage.swift in Sources */ = {isa = PBXBuildFile; fileRef = 0F91A302286246B091A55923 /* GeneratingPage.swift */; };
		16B28A667D5149049D2AF904 /* PrivacyInfo.xcprivacy in Resources */ = {isa = PBXBuildFile; fileRef = 9BB1F10C69ED80D011A6321B /* PrivacyInfo.xcprivacy */; };
		1A45DED5808BB595C09AF275 /* SleepEntry.swift in Sources */ = {isa = PBXBuildFile; fileRef = 3C0EFD2047D20E87AB0DBB6A /* SleepEntry.swift */; };
		1ACEFD1B6DE6102E4A01518F /* OnboardingHelpers.swift in Sources */ = {isa = PBXBuildFile; fileRef = E98DDE429F22E93F5C9E988E /* OnboardingHelpers.swift */; };
		2545546E391C7F033313B63D /* CustomEvent.swift in Sources */ = {isa = PBXBuildFile; fileRef = 50258D2BEF608D26A2639534 /* CustomEvent.swift */; };
		279D31B1C59F68A21CD7E0C5 /* en.json in Resources */ = {isa = PBXBuildFile; fileRef = 35F49DA9A952161FFF0F24A0 /* en.json */; };
		27A64E73F78D081549F72ECE /* MainTabView.swift in Sources */ = {isa = PBXBuildFile; fileRef = 01F832BBE867DF06E7EE6F2E /* MainTabView.swift */; };
		2FDA645A35375A2681B7A8E8 /* BabyBloomWidget.swift in Sources */ = {isa = PBXBuildFile; fileRef = C1A33EF75066D5F610B2C61D /* BabyBloomWidget.swift */; };
		37127A4B98A4CA923F322113 /* LocalizationManager.swift in Sources */ = {isa = PBXBuildFile; fileRef = 1883B0809C4A2B4CF1567AFB /* LocalizationManager.swift */; };
		3B2DEE198657ED893C78016C /* CustomEvent.swift in Sources */ = {isa = PBXBuildFile; fileRef = 50258D2BEF608D26A2639534 /* CustomEvent.swift */; };
		3FE874AF7EB96FB4DB3B9E5F /* FactPage.swift in Sources */ = {isa = PBXBuildFile; fileRef = CAD2BF1765038B638504BD85 /* FactPage.swift */; };
		4038A39F0C8358CFC87AFFF6 /* FeedingEntry.swift in Sources */ = {isa = PBXBuildFile; fileRef = C8C7A14DC237AE71B9E56C45 /* FeedingEntry.swift */; };
		40A90B0B08A9F9703C5855C1 /* SleepEntry.swift in Sources */ = {isa = PBXBuildFile; fileRef = 3C0EFD2047D20E87AB0DBB6A /* SleepEntry.swift */; };
		40F099D6E749944BC8D2C8A8 /* PrivacyInfo.xcprivacy in Resources */ = {isa = PBXBuildFile; fileRef = 4ACFA220FE675C3DDDAC7265 /* PrivacyInfo.xcprivacy */; };
		45407FD7DC14E1EB45FB9192 /* BBTheme.swift in Sources */ = {isa = PBXBuildFile; fileRef = 141E9D25B87B2C358EFCE05E /* BBTheme.swift */; };
		49C2E06C5DB3CD452835C742 /* GrowthEntry.swift in Sources */ = {isa = PBXBuildFile; fileRef = 445916578FF3112912C0E02D /* GrowthEntry.swift */; };
		4B45B0E6CF5B3905BE60A520 /* en.json in Resources */ = {isa = PBXBuildFile; fileRef = 140757E978AEAF89BAD65699 /* en.json */; };
		5A51B05B0B810D61B1B12783 /* FeedingPage.swift in Sources */ = {isa = PBXBuildFile; fileRef = 05A787D90FE23982EC1A46C2 /* FeedingPage.swift */; };
		5B595DCB4B92FA95A061206A /* BBButton.swift in Sources */ = {isa = PBXBuildFile; fileRef = 4E466FD0062F3779056BB259 /* BBButton.swift */; };
		5D8C5596D133C914D8334DBE /* DiaperEntry.swift in Sources */ = {isa = PBXBuildFile; fileRef = F0938FD3458DD379FDF9DF66 /* DiaperEntry.swift */; };
		5F59D720E48B7CEB77CE9A60 /* NotificationManagerTests.swift in Sources */ = {isa = PBXBuildFile; fileRef = 021519F1EE5B8F81CEF2A432 /* NotificationManagerTests.swift */; };
		5FC6419793C71B2704538F73 /* ru.json in Resources */ = {isa = PBXBuildFile; fileRef = 35CC038C14DBB4D68AC2E233 /* ru.json */; };
		616AE957C3EFF4537B3958DB /* ExportGenerator.swift in Sources */ = {isa = PBXBuildFile; fileRef = E6BD8327747E4A21D3AF60A7 /* ExportGenerator.swift */; };
		6FEF92A079394ADACD9CFC0F /* BabyProfileEditSheet.swift in Sources */ = {isa = PBXBuildFile; fileRef = 347EB1B764F7B7B553D74705 /* BabyProfileEditSheet.swift */; };
		728453337AF25648757458E8 /* BirthPage.swift in Sources */ = {isa = PBXBuildFile; fileRef = B2D64BF8EAF39E2FC0EF92F8 /* BirthPage.swift */; };
		73818BC2EEFFB62EE552AA3E /* SplashView.swift in Sources */ = {isa = PBXBuildFile; fileRef = 32ED719AD860A85B4498F539 /* SplashView.swift */; };
		739F26F2A9FDE2385C250D1B /* GrowthPage.swift in Sources */ = {isa = PBXBuildFile; fileRef = 7540A190C88F7AD53BB3E3E6 /* GrowthPage.swift */; };
		7B2737EB596E0135A560C902 /* NamePage.swift in Sources */ = {isa = PBXBuildFile; fileRef = 0A856FE301431E425A94C4CA /* NamePage.swift */; };
		7B6FC7DF616E116021B47307 /* Baby.swift in Sources */ = {isa = PBXBuildFile; fileRef = 524A26B846E0DB91693FCBE6 /* Baby.swift */; };
		7E62D06C8AA07E74F4692D98 /* RoundedCorner.swift in Sources */ = {isa = PBXBuildFile; fileRef = AAD9C92BD0A333C12C6E5C98 /* RoundedCorner.swift */; };
		86A0A8C5FECF6EA69911BD0E /* ExportView.swift in Sources */ = {isa = PBXBuildFile; fileRef = 3EAFFAF4A6FAA3CA40D47703 /* ExportView.swift */; };
		92D85E1C10E2FE0EC6623192 /* BBElapsedTimer.swift in Sources */ = {isa = PBXBuildFile; fileRef = 6112F627E58FC33E9FD8EDB1 /* BBElapsedTimer.swift */; };
		97135640A3A39C6C9A4C9929 /* es.json in Resources */ = {isa = PBXBuildFile; fileRef = F3D63328CD7ED001909F7DCD /* es.json */; };
		9844E1C0F255E0F05E832A88 /* ExportGeneratorTests.swift in Sources */ = {isa = PBXBuildFile; fileRef = 73E80A407174E635CDB1F494 /* ExportGeneratorTests.swift */; };
		9B75394229C6628B754F3AF2 /* BabyBloomWidget.appex in Embed Foundation Extensions */ = {isa = PBXBuildFile; fileRef = 78C3D4A9B9DC424424E94277 /* BabyBloomWidget.appex */; settings = {ATTRIBUTES = (RemoveHeadersOnCopy, ); }; };
		9DB33713F4331904EFEEECEA /* SleepView.swift in Sources */ = {isa = PBXBuildFile; fileRef = DF8C8F5CBA8B7E78A6D587F6 /* SleepView.swift */; };
		A0A6A7192806E9F55BAA4AF9 /* InfoPlist.strings in Resources */ = {isa = PBXBuildFile; fileRef = 00E206A2E013B64EC6C14D22 /* InfoPlist.strings */; };
		A14EA757A4D4691342173695 /* Localizable.strings in Resources */ = {isa = PBXBuildFile; fileRef = EE8685CB2AD18166EE41F8A8 /* Localizable.strings */; };
		A90DC4F46E6AEDDEC31D4336 /* PaywallView.swift in Sources */ = {isa = PBXBuildFile; fileRef = 390F8BD3D44D73D72C6D2893 /* PaywallView.swift */; };
		AFEFB3BD1DC78268E2EBFE2F /* DiaperView.swift in Sources */ = {isa = PBXBuildFile; fileRef = 1E1C5CB91D7CE471041BDF8A /* DiaperView.swift */; };
		B436604BCEF9E5ABC00BFE7B /* OnboardingView.swift in Sources */ = {isa = PBXBuildFile; fileRef = 7F983790E90D48BBE646AF78 /* OnboardingView.swift */; };
		B7356C1F4BAE165CACDEE760 /* AppAppearance.swift in Sources */ = {isa = PBXBuildFile; fileRef = 96AF18E1355A04D9F979B421 /* AppAppearance.swift */; };
		B9B272926DD1709F762BF3B2 /* BabyBloomTests.swift in Sources */ = {isa = PBXBuildFile; fileRef = 03DCB1384549675BD1DE563D /* BabyBloomTests.swift */; };
		BFC8E4683F745F07EC41A436 /* EventsView.swift in Sources */ = {isa = PBXBuildFile; fileRef = B4832FE37F4C6031CD491FC1 /* EventsView.swift */; };
		C704E8D300CBD48863662E96 /* SubscriptionManager.swift in Sources */ = {isa = PBXBuildFile; fileRef = DD04C96ADD5E96B506F2E05C /* SubscriptionManager.swift */; };
		CAFBAD395A557E5CA4089556 /* Baby.swift in Sources */ = {isa = PBXBuildFile; fileRef = 524A26B846E0DB91693FCBE6 /* Baby.swift */; };
		CB289C9BDBB350ADDE3202F2 /* FeedingView.swift in Sources */ = {isa = PBXBuildFile; fileRef = 010391C632EC1AAB7BD0D0CB /* FeedingView.swift */; };
		CFC854B30F20463AE386AF22 /* NotificationManager.swift in Sources */ = {isa = PBXBuildFile; fileRef = 24305DDA00F1158E50872FA2 /* NotificationManager.swift */; };
		D5B62D6C3442249FD0AD3BEE /* DiaperEntry.swift in Sources */ = {isa = PBXBuildFile; fileRef = F0938FD3458DD379FDF9DF66 /* DiaperEntry.swift */; };
		D62F3083B4A3410B018A342E /* LocalizationManager.swift in Sources */ = {isa = PBXBuildFile; fileRef = 1883B0809C4A2B4CF1567AFB /* LocalizationManager.swift */; };
		D81E16D3FC98473869A72423 /* PremiumPage.swift in Sources */ = {isa = PBXBuildFile; fileRef = E0064AAA4003A4CF955BEA01 /* PremiumPage.swift */; };
		DF2C64E14C94C424A20B1B9C /* Assets.xcassets in Resources */ = {isa = PBXBuildFile; fileRef = 5A003916D83216166C88BE0C /* Assets.xcassets */; };
		E341CA4DEC91DEACE0BC5629 /* DashboardView.swift in Sources */ = {isa = PBXBuildFile; fileRef = 756CA42B2B02154C7E93929D /* DashboardView.swift */; };
		E4288B825DEDD42215BBD8EB /* BBFab.swift in Sources */ = {isa = PBXBuildFile; fileRef = 3A2DCA65186F68E00645DF02 /* BBFab.swift */; };
		E5685B6848B12E30C5F93214 /* BBCharts.swift in Sources */ = {isa = PBXBuildFile; fileRef = A4D8FD4BDCB5A01EA8CF278F /* BBCharts.swift */; };
		E71A50FD691737FE791A71C7 /* BBMeasureSlider.swift in Sources */ = {isa = PBXBuildFile; fileRef = 7083D1ABF23AD48FC2C4827F /* BBMeasureSlider.swift */; };
		EA56E266F7A5EDE5ABA1B699 /* BBHistorySection.swift in Sources */ = {isa = PBXBuildFile; fileRef = DB3444E6FEB52FD73D93E544 /* BBHistorySection.swift */; };
		F4E144E71AF99979859A9D33 /* es.json in Resources */ = {isa = PBXBuildFile; fileRef = D8768F1C61CA49F9DE3FFC1F /* es.json */; };
		FB0FF5DF7128177F2AC5DDD4 /* BabyBloomApp.swift in Sources */ = {isa = PBXBuildFile; fileRef = 4A2513C4003999FCC2F3F5AC /* BabyBloomApp.swift */; };
		FED7E258489CADAD70A16DB3 /* GrowthView.swift in Sources */ = {isa = PBXBuildFile; fileRef = 0F9E2C3CD98653088A5DBB9D /* GrowthView.swift */; };
/* End PBXBuildFile section */

/* Begin PBXContainerItemProxy section */
		367CCF15278947BA0A4C557B /* PBXContainerItemProxy */ = {
			isa = PBXContainerItemProxy;
			containerPortal = 922BA19260D5394951FA96E0 /* Project object */;
			proxyType = 1;
			remoteGlobalIDString = ECF575830BB605F17ED07516;
			remoteInfo = BabyBloom;
		};
		9C5B30E0ED4C01AF8040ADC5 /* PBXContainerItemProxy */ = {
			isa = PBXContainerItemProxy;
			containerPortal = 922BA19260D5394951FA96E0 /* Project object */;
			proxyType = 1;
			remoteGlobalIDString = 1783A135DACD15C119109A60;
			remoteInfo = BabyBloomWidget;
		};
/* End PBXContainerItemProxy section */

/* Begin PBXCopyFilesBuildPhase section */
		83CE97F8D83911DAF538D5BF /* Embed Foundation Extensions */ = {
			isa = PBXCopyFilesBuildPhase;
			buildActionMask = 2147483647;
			dstPath = "";
			dstSubfolderSpec = 13;
			files = (
				9B75394229C6628B754F3AF2 /* BabyBloomWidget.appex in Embed Foundation Extensions */,
			);
			name = "Embed Foundation Extensions";
			runOnlyForDeploymentPostprocessing = 0;
		};
/* End PBXCopyFilesBuildPhase section */

/* Begin PBXFileReference section */
		010391C632EC1AAB7BD0D0CB /* FeedingView.swift */ = {isa = PBXFileReference; lastKnownFileType = sourcecode.swift; path = FeedingView.swift; sourceTree = "<group>"; };
		01F832BBE867DF06E7EE6F2E /* MainTabView.swift */ = {isa = PBXFileReference; lastKnownFileType = sourcecode.swift; path = MainTabView.swift; sourceTree = "<group>"; };
		021519F1EE5B8F81CEF2A432 /* NotificationManagerTests.swift */ = {isa = PBXFileReference; lastKnownFileType = sourcecode.swift; path = NotificationManagerTests.swift; sourceTree = "<group>"; };
		03DCB1384549675BD1DE563D /* BabyBloomTests.swift */ = {isa = PBXFileReference; lastKnownFileType = sourcecode.swift; path = BabyBloomTests.swift; sourceTree = "<group>"; };
		05A787D90FE23982EC1A46C2 /* FeedingPage.swift */ = {isa = PBXFileReference; lastKnownFileType = sourcecode.swift; path = FeedingPage.swift; sourceTree = "<group>"; };
		0A856FE301431E425A94C4CA /* NamePage.swift */ = {isa = PBXFileReference; lastKnownFileType = sourcecode.swift; path = NamePage.swift; sourceTree = "<group>"; };
		0F91A302286246B091A55923 /* GeneratingPage.swift */ = {isa = PBXFileReference; lastKnownFileType = sourcecode.swift; path = GeneratingPage.swift; sourceTree = "<group>"; };
		0F9E2C3CD98653088A5DBB9D /* GrowthView.swift */ = {isa = PBXFileReference; lastKnownFileType = sourcecode.swift; path = GrowthView.swift; sourceTree = "<group>"; };
		140757E978AEAF89BAD65699 /* en.json */ = {isa = PBXFileReference; lastKnownFileType = text.json; path = en.json; sourceTree = "<group>"; };
		141E9D25B87B2C358EFCE05E /* BBTheme.swift */ = {isa = PBXFileReference; lastKnownFileType = sourcecode.swift; path = BBTheme.swift; sourceTree = "<group>"; };
		1883B0809C4A2B4CF1567AFB /* LocalizationManager.swift */ = {isa = PBXFileReference; lastKnownFileType = sourcecode.swift; path = LocalizationManager.swift; sourceTree = "<group>"; };
		1E1C5CB91D7CE471041BDF8A /* DiaperView.swift */ = {isa = PBXFileReference; lastKnownFileType = sourcecode.swift; path = DiaperView.swift; sourceTree = "<group>"; };
		211641EE3146F95A380099EE /* BabyBloom.entitlements */ = {isa = PBXFileReference; lastKnownFileType = text.plist.entitlements; path = BabyBloom.entitlements; sourceTree = "<group>"; };
		24305DDA00F1158E50872FA2 /* NotificationManager.swift */ = {isa = PBXFileReference; lastKnownFileType = sourcecode.swift; path = NotificationManager.swift; sourceTree = "<group>"; };
		32ED719AD860A85B4498F539 /* SplashView.swift */ = {isa = PBXFileReference; lastKnownFileType = sourcecode.swift; path = SplashView.swift; sourceTree = "<group>"; };
		347EB1B764F7B7B553D74705 /* BabyProfileEditSheet.swift */ = {isa = PBXFileReference; lastKnownFileType = sourcecode.swift; path = BabyProfileEditSheet.swift; sourceTree = "<group>"; };
		35CC038C14DBB4D68AC2E233 /* ru.json */ = {isa = PBXFileReference; lastKnownFileType = text.json; path = ru.json; sourceTree = "<group>"; };
		35F49DA9A952161FFF0F24A0 /* en.json */ = {isa = PBXFileReference; lastKnownFileType = text.json; path = en.json; sourceTree = "<group>"; };
		390F8BD3D44D73D72C6D2893 /* PaywallView.swift */ = {isa = PBXFileReference; lastKnownFileType = sourcecode.swift; path = PaywallView.swift; sourceTree = "<group>"; };
		3A2DCA65186F68E00645DF02 /* BBFab.swift */ = {isa = PBXFileReference; lastKnownFileType = sourcecode.swift; path = BBFab.swift; sourceTree = "<group>"; };
		3C0EFD2047D20E87AB0DBB6A /* SleepEntry.swift */ = {isa = PBXFileReference; lastKnownFileType = sourcecode.swift; path = SleepEntry.swift; sourceTree = "<group>"; };
		3EAFFAF4A6FAA3CA40D47703 /* ExportView.swift */ = {isa = PBXFileReference; lastKnownFileType = sourcecode.swift; path = ExportView.swift; sourceTree = "<group>"; };
		445916578FF3112912C0E02D /* GrowthEntry.swift */ = {isa = PBXFileReference; lastKnownFileType = sourcecode.swift; path = GrowthEntry.swift; sourceTree = "<group>"; };
		46CFF5A9567092348158A1F6 /* en */ = {isa = PBXFileReference; lastKnownFileType = text.plist.strings; name = en; path = en.lproj/InfoPlist.strings; sourceTree = "<group>"; };
		4A2513C4003999FCC2F3F5AC /* BabyBloomApp.swift */ = {isa = PBXFileReference; lastKnownFileType = sourcecode.swift; path = BabyBloomApp.swift; sourceTree = "<group>"; };
		4ACFA220FE675C3DDDAC7265 /* PrivacyInfo.xcprivacy */ = {isa = PBXFileReference; path = PrivacyInfo.xcprivacy; sourceTree = "<group>"; };
		4E466FD0062F3779056BB259 /* BBButton.swift */ = {isa = PBXFileReference; lastKnownFileType = sourcecode.swift; path = BBButton.swift; sourceTree = "<group>"; };
		50258D2BEF608D26A2639534 /* CustomEvent.swift */ = {isa = PBXFileReference; lastKnownFileType = sourcecode.swift; path = CustomEvent.swift; sourceTree = "<group>"; };
		524A26B846E0DB91693FCBE6 /* Baby.swift */ = {isa = PBXFileReference; lastKnownFileType = sourcecode.swift; path = Baby.swift; sourceTree = "<group>"; };
		5A003916D83216166C88BE0C /* Assets.xcassets */ = {isa = PBXFileReference; lastKnownFileType = folder.assetcatalog; path = Assets.xcassets; sourceTree = "<group>"; };
		6112F627E58FC33E9FD8EDB1 /* BBElapsedTimer.swift */ = {isa = PBXFileReference; lastKnownFileType = sourcecode.swift; path = BBElapsedTimer.swift; sourceTree = "<group>"; };
		644515209EA60A36FDBED57B /* en */ = {isa = PBXFileReference; lastKnownFileType = text.plist.strings; name = en; path = en.lproj/Localizable.strings; sourceTree = "<group>"; };
		7083D1ABF23AD48FC2C4827F /* BBMeasureSlider.swift */ = {isa = PBXFileReference; lastKnownFileType = sourcecode.swift; path = BBMeasureSlider.swift; sourceTree = "<group>"; };
		71C58120F53C2F5AF8BA2F52 /* BabyBloom.app */ = {isa = PBXFileReference; includeInIndex = 0; lastKnownFileType = wrapper.application; path = BabyBloom.app; sourceTree = BUILT_PRODUCTS_DIR; };
		73E80A407174E635CDB1F494 /* ExportGeneratorTests.swift */ = {isa = PBXFileReference; lastKnownFileType = sourcecode.swift; path = ExportGeneratorTests.swift; sourceTree = "<group>"; };
		746386F98BFD0DD10C3A862C /* ru */ = {isa = PBXFileReference; lastKnownFileType = text.plist.strings; name = ru; path = ru.lproj/Localizable.strings; sourceTree = "<group>"; };
		7540A190C88F7AD53BB3E3E6 /* GrowthPage.swift */ = {isa = PBXFileReference; lastKnownFileType = sourcecode.swift; path = GrowthPage.swift; sourceTree = "<group>"; };
		756CA42B2B02154C7E93929D /* DashboardView.swift */ = {isa = PBXFileReference; lastKnownFileType = sourcecode.swift; path = DashboardView.swift; sourceTree = "<group>"; };
		78C3D4A9B9DC424424E94277 /* BabyBloomWidget.appex */ = {isa = PBXFileReference; includeInIndex = 0; lastKnownFileType = "wrapper.app-extension"; path = BabyBloomWidget.appex; sourceTree = BUILT_PRODUCTS_DIR; };
		7F983790E90D48BBE646AF78 /* OnboardingView.swift */ = {isa = PBXFileReference; lastKnownFileType = sourcecode.swift; path = OnboardingView.swift; sourceTree = "<group>"; };
		80CD9E9FC340B4479EAAF3F4 /* es */ = {isa = PBXFileReference; lastKnownFileType = text.plist.strings; name = es; path = es.lproj/InfoPlist.strings; sourceTree = "<group>"; };
		81EBDB06F0A203F086BCC22F /* BabyBloomWidget.entitlements */ = {isa = PBXFileReference; lastKnownFileType = text.plist.entitlements; path = BabyBloomWidget.entitlements; sourceTree = "<group>"; };
		82422A5254915B1796A78F89 /* BBCard.swift */ = {isa = PBXFileReference; lastKnownFileType = sourcecode.swift; path = BBCard.swift; sourceTree = "<group>"; };
		96AF18E1355A04D9F979B421 /* AppAppearance.swift */ = {isa = PBXFileReference; lastKnownFileType = sourcecode.swift; path = AppAppearance.swift; sourceTree = "<group>"; };
		9BB1F10C69ED80D011A6321B /* PrivacyInfo.xcprivacy */ = {isa = PBXFileReference; path = PrivacyInfo.xcprivacy; sourceTree = "<group>"; };
		9E61620C5985E78F54CE8166 /* ru.json */ = {isa = PBXFileReference; lastKnownFileType = text.json; path = ru.json; sourceTree = "<group>"; };
		A4D8FD4BDCB5A01EA8CF278F /* BBCharts.swift */ = {isa = PBXFileReference; lastKnownFileType = sourcecode.swift; path = BBCharts.swift; sourceTree = "<group>"; };
		A6176EDF7A3620F3F51143E3 /* Info.plist */ = {isa = PBXFileReference; lastKnownFileType = text.plist; path = Info.plist; sourceTree = "<group>"; };
		AAD9C92BD0A333C12C6E5C98 /* RoundedCorner.swift */ = {isa = PBXFileReference; lastKnownFileType = sourcecode.swift; path = RoundedCorner.swift; sourceTree = "<group>"; };
		AF132187ABB4B5BC1E7D47B2 /* ru */ = {isa = PBXFileReference; lastKnownFileType = text.plist.strings; name = ru; path = ru.lproj/InfoPlist.strings; sourceTree = "<group>"; };
		B2D64BF8EAF39E2FC0EF92F8 /* BirthPage.swift */ = {isa = PBXFileReference; lastKnownFileType = sourcecode.swift; path = BirthPage.swift; sourceTree = "<group>"; };
		B4832FE37F4C6031CD491FC1 /* EventsView.swift */ = {isa = PBXFileReference; lastKnownFileType = sourcecode.swift; path = EventsView.swift; sourceTree = "<group>"; };
		C1A33EF75066D5F610B2C61D /* BabyBloomWidget.swift */ = {isa = PBXFileReference; lastKnownFileType = sourcecode.swift; path = BabyBloomWidget.swift; sourceTree = "<group>"; };
		C8C7A14DC237AE71B9E56C45 /* FeedingEntry.swift */ = {isa = PBXFileReference; lastKnownFileType = sourcecode.swift; path = FeedingEntry.swift; sourceTree = "<group>"; };
		CAD2BF1765038B638504BD85 /* FactPage.swift */ = {isa = PBXFileReference; lastKnownFileType = sourcecode.swift; path = FactPage.swift; sourceTree = "<group>"; };
		D8768F1C61CA49F9DE3FFC1F /* es.json */ = {isa = PBXFileReference; lastKnownFileType = text.json; path = es.json; sourceTree = "<group>"; };
		DB3444E6FEB52FD73D93E544 /* BBHistorySection.swift */ = {isa = PBXFileReference; lastKnownFileType = sourcecode.swift; path = BBHistorySection.swift; sourceTree = "<group>"; };
		DBAD656B5B3DA52CD41F1F67 /* BabyBloomTests.xctest */ = {isa = PBXFileReference; includeInIndex = 0; lastKnownFileType = wrapper.cfbundle; path = BabyBloomTests.xctest; sourceTree = BUILT_PRODUCTS_DIR; };
		DD04C96ADD5E96B506F2E05C /* SubscriptionManager.swift */ = {isa = PBXFileReference; lastKnownFileType = sourcecode.swift; path = SubscriptionManager.swift; sourceTree = "<group>"; };
		DF8C8F5CBA8B7E78A6D587F6 /* SleepView.swift */ = {isa = PBXFileReference; lastKnownFileType = sourcecode.swift; path = SleepView.swift; sourceTree = "<group>"; };
		E0064AAA4003A4CF955BEA01 /* PremiumPage.swift */ = {isa = PBXFileReference; lastKnownFileType = sourcecode.swift; path = PremiumPage.swift; sourceTree = "<group>"; };
		E13B287AD50BA47C84999317 /* Info.plist */ = {isa = PBXFileReference; lastKnownFileType = text.plist; path = Info.plist; sourceTree = "<group>"; };
		E6BD8327747E4A21D3AF60A7 /* ExportGenerator.swift */ = {isa = PBXFileReference; lastKnownFileType = sourcecode.swift; path = ExportGenerator.swift; sourceTree = "<group>"; };
		E98DDE429F22E93F5C9E988E /* OnboardingHelpers.swift */ = {isa = PBXFileReference; lastKnownFileType = sourcecode.swift; path = OnboardingHelpers.swift; sourceTree = "<group>"; };
		F0938FD3458DD379FDF9DF66 /* DiaperEntry.swift */ = {isa = PBXFileReference; lastKnownFileType = sourcecode.swift; path = DiaperEntry.swift; sourceTree = "<group>"; };
		F3D63328CD7ED001909F7DCD /* es.json */ = {isa = PBXFileReference; lastKnownFileType = text.json; path = es.json; sourceTree = "<group>"; };
		FDEB05535F410B101D28D335 /* WelcomePage.swift */ = {isa = PBXFileReference; lastKnownFileType = sourcecode.swift; path = WelcomePage.swift; sourceTree = "<group>"; };
/* End PBXFileReference section */

/* Begin PBXGroup section */
		01DFC2F72C0D5C0408FD753E /* Splash */ = {
			isa = PBXGroup;
			children = (
				32ED719AD860A85B4498F539 /* SplashView.swift */,
			);
			path = Splash;
			sourceTree = "<group>";
		};
		149B6A330624519CAFEC5B20 /* BabyBloomWidget */ = {
			isa = PBXGroup;
			children = (
				81EBDB06F0A203F086BCC22F /* BabyBloomWidget.entitlements */,
				C1A33EF75066D5F610B2C61D /* BabyBloomWidget.swift */,
				E13B287AD50BA47C84999317 /* Info.plist */,
				9BB1F10C69ED80D011A6321B /* PrivacyInfo.xcprivacy */,
			);
			path = BabyBloomWidget;
			sourceTree = "<group>";
		};
		17540F66815E1EE0F0BAADBD /* Features */ = {
			isa = PBXGroup;
			children = (
				EF21AD435913022A2133F46A /* Dashboard */,
				893024288CF2BB8807270934 /* Diaper */,
				389AD0CB35706DC0F776B43A /* Events */,
				99C34DF119121AC19B11AA51 /* Export */,
				3C24252EDB4A4D826AD7218A /* Feeding */,
				6DFB21261F800A5C3DC87E17 /* Growth */,
				D851906517EB5B72EE7C1409 /* Onboarding */,
				1E24A17C9C59AF8799BBFA03 /* Premium */,
				6F154CC04CC1DF02F69C20FC /* Profile */,
				91064D7429990DB8A739AB65 /* Sleep */,
				01DFC2F72C0D5C0408FD753E /* Splash */,
			);
			path = Features;
			sourceTree = "<group>";
		};
		1E24A17C9C59AF8799BBFA03 /* Premium */ = {
			isa = PBXGroup;
			children = (
				390F8BD3D44D73D72C6D2893 /* PaywallView.swift */,
			);
			path = Premium;
			sourceTree = "<group>";
		};
		222DE017E594D98F05EB951F /* Components */ = {
			isa = PBXGroup;
			children = (
				4E466FD0062F3779056BB259 /* BBButton.swift */,
				82422A5254915B1796A78F89 /* BBCard.swift */,
				A4D8FD4BDCB5A01EA8CF278F /* BBCharts.swift */,
				6112F627E58FC33E9FD8EDB1 /* BBElapsedTimer.swift */,
				3A2DCA65186F68E00645DF02 /* BBFab.swift */,
				DB3444E6FEB52FD73D93E544 /* BBHistorySection.swift */,
				7083D1ABF23AD48FC2C4827F /* BBMeasureSlider.swift */,
				AAD9C92BD0A333C12C6E5C98 /* RoundedCorner.swift */,
			);
			path = Components;
			sourceTree = "<group>";
		};
		28C9C1E0E311C9496C19DE5B /* Models */ = {
			isa = PBXGroup;
			children = (
				524A26B846E0DB91693FCBE6 /* Baby.swift */,
				50258D2BEF608D26A2639534 /* CustomEvent.swift */,
				F0938FD3458DD379FDF9DF66 /* DiaperEntry.swift */,
				C8C7A14DC237AE71B9E56C45 /* FeedingEntry.swift */,
				445916578FF3112912C0E02D /* GrowthEntry.swift */,
				3C0EFD2047D20E87AB0DBB6A /* SleepEntry.swift */,
			);
			path = Models;
			sourceTree = "<group>";
		};
		2D2C9BFC44AE66EF909BCBA7 /* BabyBloom */ = {
			isa = PBXGroup;
			children = (
				7644C105FD97171A61C50F78 /* App */,
				F6FA1ADAA53F1B6620BF953B /* Core */,
				3C9DD7E8B5B3311A24E9F7DB /* DesignSystem */,
				17540F66815E1EE0F0BAADBD /* Features */,
				6739808506A0F7AE578251DB /* Resources */,
				6850752ED63B47B489FDCC51 /* Services */,
			);
			path = BabyBloom;
			sourceTree = "<group>";
		};
		389AD0CB35706DC0F776B43A /* Events */ = {
			isa = PBXGroup;
			children = (
				B4832FE37F4C6031CD491FC1 /* EventsView.swift */,
			);
			path = Events;
			sourceTree = "<group>";
		};
		3C24252EDB4A4D826AD7218A /* Feeding */ = {
			isa = PBXGroup;
			children = (
				010391C632EC1AAB7BD0D0CB /* FeedingView.swift */,
			);
			path = Feeding;
			sourceTree = "<group>";
		};
		3C9DD7E8B5B3311A24E9F7DB /* DesignSystem */ = {
			isa = PBXGroup;
			children = (
				96AF18E1355A04D9F979B421 /* AppAppearance.swift */,
				141E9D25B87B2C358EFCE05E /* BBTheme.swift */,
				222DE017E594D98F05EB951F /* Components */,
			);
			path = DesignSystem;
			sourceTree = "<group>";
		};
		41995158B343DA1FF9CAB2F3 /* BabyBloomTests */ = {
			isa = PBXGroup;
			children = (
				03DCB1384549675BD1DE563D /* BabyBloomTests.swift */,
				73E80A407174E635CDB1F494 /* ExportGeneratorTests.swift */,
				021519F1EE5B8F81CEF2A432 /* NotificationManagerTests.swift */,
			);
			path = BabyBloomTests;
			sourceTree = "<group>";
		};
		60F5AC726CF1B044A235C50A /* Localization */ = {
			isa = PBXGroup;
			children = (
				140757E978AEAF89BAD65699 /* en.json */,
				F3D63328CD7ED001909F7DCD /* es.json */,
				35CC038C14DBB4D68AC2E233 /* ru.json */,
			);
			path = Localization;
			sourceTree = "<group>";
		};
		6739808506A0F7AE578251DB /* Resources */ = {
			isa = PBXGroup;
			children = (
				5A003916D83216166C88BE0C /* Assets.xcassets */,
				211641EE3146F95A380099EE /* BabyBloom.entitlements */,
				A6176EDF7A3620F3F51143E3 /* Info.plist */,
				4ACFA220FE675C3DDDAC7265 /* PrivacyInfo.xcprivacy */,
				00E206A2E013B64EC6C14D22 /* InfoPlist.strings */,
				EE8685CB2AD18166EE41F8A8 /* Localizable.strings */,
				60F5AC726CF1B044A235C50A /* Localization */,
			);
			path = Resources;
			sourceTree = "<group>";
		};
		6850752ED63B47B489FDCC51 /* Services */ = {
			isa = PBXGroup;
			children = (
				24305DDA00F1158E50872FA2 /* NotificationManager.swift */,
				DD04C96ADD5E96B506F2E05C /* SubscriptionManager.swift */,
			);
			path = Services;
			sourceTree = "<group>";
		};
		6DFB21261F800A5C3DC87E17 /* Growth */ = {
			isa = PBXGroup;
			children = (
				0F9E2C3CD98653088A5DBB9D /* GrowthView.swift */,
			);
			path = Growth;
			sourceTree = "<group>";
		};
		6F154CC04CC1DF02F69C20FC /* Profile */ = {
			isa = PBXGroup;
			children = (
				347EB1B764F7B7B553D74705 /* BabyProfileEditSheet.swift */,
			);
			path = Profile;
			sourceTree = "<group>";
		};
		75F96F6804C956EDD5C4F306 /* Pages */ = {
			isa = PBXGroup;
			children = (
				B2D64BF8EAF39E2FC0EF92F8 /* BirthPage.swift */,
				CAD2BF1765038B638504BD85 /* FactPage.swift */,
				05A787D90FE23982EC1A46C2 /* FeedingPage.swift */,
				0F91A302286246B091A55923 /* GeneratingPage.swift */,
				7540A190C88F7AD53BB3E3E6 /* GrowthPage.swift */,
				0A856FE301431E425A94C4CA /* NamePage.swift */,
				E0064AAA4003A4CF955BEA01 /* PremiumPage.swift */,
				FDEB05535F410B101D28D335 /* WelcomePage.swift */,
			);
			path = Pages;
			sourceTree = "<group>";
		};
		7644C105FD97171A61C50F78 /* App */ = {
			isa = PBXGroup;
			children = (
				4A2513C4003999FCC2F3F5AC /* BabyBloomApp.swift */,
				01F832BBE867DF06E7EE6F2E /* MainTabView.swift */,
			);
			path = App;
			sourceTree = "<group>";
		};
		77F93CE06E083049FB882844 /* Localization */ = {
			isa = PBXGroup;
			children = (
				1883B0809C4A2B4CF1567AFB /* LocalizationManager.swift */,
			);
			path = Localization;
			sourceTree = "<group>";
		};
		893024288CF2BB8807270934 /* Diaper */ = {
			isa = PBXGroup;
			children = (
				1E1C5CB91D7CE471041BDF8A /* DiaperView.swift */,
			);
			path = Diaper;
			sourceTree = "<group>";
		};
		8CFD0A01BB430C53661F3F10 /* Products */ = {
			isa = PBXGroup;
			children = (
				71C58120F53C2F5AF8BA2F52 /* BabyBloom.app */,
				DBAD656B5B3DA52CD41F1F67 /* BabyBloomTests.xctest */,
				78C3D4A9B9DC424424E94277 /* BabyBloomWidget.appex */,
			);
			name = Products;
			sourceTree = "<group>";
		};
		91064D7429990DB8A739AB65 /* Sleep */ = {
			isa = PBXGroup;
			children = (
				DF8C8F5CBA8B7E78A6D587F6 /* SleepView.swift */,
			);
			path = Sleep;
			sourceTree = "<group>";
		};
		99C34DF119121AC19B11AA51 /* Export */ = {
			isa = PBXGroup;
			children = (
				E6BD8327747E4A21D3AF60A7 /* ExportGenerator.swift */,
				3EAFFAF4A6FAA3CA40D47703 /* ExportView.swift */,
			);
			path = Export;
			sourceTree = "<group>";
		};
		B51C575F6C456BF566E4CA90 /* Localization */ = {
			isa = PBXGroup;
			children = (
				35F49DA9A952161FFF0F24A0 /* en.json */,
				D8768F1C61CA49F9DE3FFC1F /* es.json */,
				9E61620C5985E78F54CE8166 /* ru.json */,
			);
			name = Localization;
			path = WidgetResources/Localization;
			sourceTree = "<group>";
		};
		CE505E1442B8AAE18EE0FAD3 = {
			isa = PBXGroup;
			children = (
				2D2C9BFC44AE66EF909BCBA7 /* BabyBloom */,
				41995158B343DA1FF9CAB2F3 /* BabyBloomTests */,
				149B6A330624519CAFEC5B20 /* BabyBloomWidget */,
				B51C575F6C456BF566E4CA90 /* Localization */,
				8CFD0A01BB430C53661F3F10 /* Products */,
			);
			sourceTree = "<group>";
		};
		D851906517EB5B72EE7C1409 /* Onboarding */ = {
			isa = PBXGroup;
			children = (
				E98DDE429F22E93F5C9E988E /* OnboardingHelpers.swift */,
				7F983790E90D48BBE646AF78 /* OnboardingView.swift */,
				75F96F6804C956EDD5C4F306 /* Pages */,
			);
			path = Onboarding;
			sourceTree = "<group>";
		};
		EF21AD435913022A2133F46A /* Dashboard */ = {
			isa = PBXGroup;
			children = (
				756CA42B2B02154C7E93929D /* DashboardView.swift */,
			);
			path = Dashboard;
			sourceTree = "<group>";
		};
		F6FA1ADAA53F1B6620BF953B /* Core */ = {
			isa = PBXGroup;
			children = (
				77F93CE06E083049FB882844 /* Localization */,
				28C9C1E0E311C9496C19DE5B /* Models */,
			);
			path = Core;
			sourceTree = "<group>";
		};
/* End PBXGroup section */

/* Begin PBXNativeTarget section */
		00D95F5EE2E8B681F336DE2C /* BabyBloomTests */ = {
			isa = PBXNativeTarget;
			buildConfigurationList = E951EC46E7588ECFF33F37FD /* Build configuration list for PBXNativeTarget "BabyBloomTests" */;
			buildPhases = (
				E9F5D1EE45BD8820F3C0894C /* Sources */,
			);
			buildRules = (
			);
			dependencies = (
				36484089DB8FAE83EEE9E52E /* PBXTargetDependency */,
			);
			name = BabyBloomTests;
			packageProductDependencies = (
			);
			productName = BabyBloomTests;
			productReference = DBAD656B5B3DA52CD41F1F67 /* BabyBloomTests.xctest */;
			productType = "com.apple.product-type.bundle.unit-test";
		};
		1783A135DACD15C119109A60 /* BabyBloomWidget */ = {
			isa = PBXNativeTarget;
			buildConfigurationList = 0ADA1710D1E281DDC29D03B5 /* Build configuration list for PBXNativeTarget "BabyBloomWidget" */;
			buildPhases = (
				2F2C1BD2D3C3A9D6BD951E28 /* Sources */,
				7C4BFA3C6A10CD0ADC7FCE16 /* Resources */,
			);
			buildRules = (
			);
			dependencies = (
			);
			name = BabyBloomWidget;
			packageProductDependencies = (
			);
			productName = BabyBloomWidget;
			productReference = 78C3D4A9B9DC424424E94277 /* BabyBloomWidget.appex */;
			productType = "com.apple.product-type.app-extension";
		};
		ECF575830BB605F17ED07516 /* BabyBloom */ = {
			isa = PBXNativeTarget;
			buildConfigurationList = 7D9A3D25B5AC4B427F8FE10B /* Build configuration list for PBXNativeTarget "BabyBloom" */;
			buildPhases = (
				9080F2974EB40A5E69DDC900 /* Verify widget localization copies in sync */,
				4B3558915ABF2353ADB81A8C /* Sources */,
				4C004AB52023ABDC332BEE8B /* Resources */,
				83CE97F8D83911DAF538D5BF /* Embed Foundation Extensions */,
			);
			buildRules = (
			);
			dependencies = (
				03FC87CEC7E4155ED09A3F35 /* PBXTargetDependency */,
			);
			name = BabyBloom;
			packageProductDependencies = (
			);
			productName = BabyBloom;
			productReference = 71C58120F53C2F5AF8BA2F52 /* BabyBloom.app */;
			productType = "com.apple.product-type.application";
		};
/* End PBXNativeTarget section */

/* Begin PBXProject section */
		922BA19260D5394951FA96E0 /* Project object */ = {
			isa = PBXProject;
			attributes = {
				BuildIndependentTargetsInParallel = YES;
				LastUpgradeCheck = 1600;
				TargetAttributes = {
					00D95F5EE2E8B681F336DE2C = {
						DevelopmentTeam = 6T959D75QM;
					};
					1783A135DACD15C119109A60 = {
						DevelopmentTeam = 6T959D75QM;
						ProvisioningStyle = Automatic;
					};
					ECF575830BB605F17ED07516 = {
						DevelopmentTeam = 6T959D75QM;
						ProvisioningStyle = Automatic;
					};
				};
			};
			buildConfigurationList = A910E85B4A749C8E7FBAE2FE /* Build configuration list for PBXProject "BabyBloom" */;
			developmentRegion = en;
			hasScannedForEncodings = 0;
			knownRegions = (
				Base,
				en,
				es,
				ru,
			);
			mainGroup = CE505E1442B8AAE18EE0FAD3;
			minimizedProjectReferenceProxies = 1;
			preferredProjectObjectVersion = 77;
			productRefGroup = 8CFD0A01BB430C53661F3F10 /* Products */;
			projectDirPath = "";
			projectRoot = "";
			targets = (
				ECF575830BB605F17ED07516 /* BabyBloom */,
				00D95F5EE2E8B681F336DE2C /* BabyBloomTests */,
				1783A135DACD15C119109A60 /* BabyBloomWidget */,
			);
		};
/* End PBXProject section */

/* Begin PBXResourcesBuildPhase section */
		4C004AB52023ABDC332BEE8B /* Resources */ = {
			isa = PBXResourcesBuildPhase;
			buildActionMask = 2147483647;
			files = (
				DF2C64E14C94C424A20B1B9C /* Assets.xcassets in Resources */,
				A0A6A7192806E9F55BAA4AF9 /* InfoPlist.strings in Resources */,
				A14EA757A4D4691342173695 /* Localizable.strings in Resources */,
				40F099D6E749944BC8D2C8A8 /* PrivacyInfo.xcprivacy in Resources */,
				4B45B0E6CF5B3905BE60A520 /* en.json in Resources */,
				97135640A3A39C6C9A4C9929 /* es.json in Resources */,
				5FC6419793C71B2704538F73 /* ru.json in Resources */,
			);
			runOnlyForDeploymentPostprocessing = 0;
		};
		7C4BFA3C6A10CD0ADC7FCE16 /* Resources */ = {
			isa = PBXResourcesBuildPhase;
			buildActionMask = 2147483647;
			files = (
				16B28A667D5149049D2AF904 /* PrivacyInfo.xcprivacy in Resources */,
				279D31B1C59F68A21CD7E0C5 /* en.json in Resources */,
				F4E144E71AF99979859A9D33 /* es.json in Resources */,
				15324BCE157C7C95AD21B2E5 /* ru.json in Resources */,
			);
			runOnlyForDeploymentPostprocessing = 0;
		};
/* End PBXResourcesBuildPhase section */

/* Begin PBXShellScriptBuildPhase section */
		9080F2974EB40A5E69DDC900 /* Verify widget localization copies in sync */ = {
			isa = PBXShellScriptBuildPhase;
			alwaysOutOfDate = 1;
			buildActionMask = 2147483647;
			files = (
			);
			inputFileListPaths = (
			);
			inputPaths = (
			);
			name = "Verify widget localization copies in sync";
			outputFileListPaths = (
			);
			outputPaths = (
			);
			runOnlyForDeploymentPostprocessing = 0;
			shellPath = /bin/sh;
			shellScript = "cd \"$PROJECT_DIR\"\n# Keep this list in sync with LocalizationManager.SupportedLanguage.\nfor f in en ru es; do\n  if ! cmp -s \"BabyBloom/Resources/Localization/$f.json\" \"WidgetResources/Localization/$f.json\"; then\n    echo \"error: WidgetResources/Localization/$f.json is out of sync with BabyBloom/Resources/Localization/$f.json. Run: cp BabyBloom/Resources/Localization/$f.json WidgetResources/Localization/$f.json\"\n    exit 1\n  fi\ndone\n";
		};
/* End PBXShellScriptBuildPhase section */

/* Begin PBXSourcesBuildPhase section */
		2F2C1BD2D3C3A9D6BD951E28 /* Sources */ = {
			isa = PBXSourcesBuildPhase;
			buildActionMask = 2147483647;
			files = (
				7B6FC7DF616E116021B47307 /* Baby.swift in Sources */,
				2FDA645A35375A2681B7A8E8 /* BabyBloomWidget.swift in Sources */,
				2545546E391C7F033313B63D /* CustomEvent.swift in Sources */,
				D5B62D6C3442249FD0AD3BEE /* DiaperEntry.swift in Sources */,
				4038A39F0C8358CFC87AFFF6 /* FeedingEntry.swift in Sources */,
				02CAE4B039DE1A0A44D31600 /* GrowthEntry.swift in Sources */,
				D62F3083B4A3410B018A342E /* LocalizationManager.swift in Sources */,
				1A45DED5808BB595C09AF275 /* SleepEntry.swift in Sources */,
			);
			runOnlyForDeploymentPostprocessing = 0;
		};
		4B3558915ABF2353ADB81A8C /* Sources */ = {
			isa = PBXSourcesBuildPhase;
			buildActionMask = 2147483647;
			files = (
				B7356C1F4BAE165CACDEE760 /* AppAppearance.swift in Sources */,
				5B595DCB4B92FA95A061206A /* BBButton.swift in Sources */,
				03C7164075FA330097A87835 /* BBCard.swift in Sources */,
				E5685B6848B12E30C5F93214 /* BBCharts.swift in Sources */,
				92D85E1C10E2FE0EC6623192 /* BBElapsedTimer.swift in Sources */,
				E4288B825DEDD42215BBD8EB /* BBFab.swift in Sources */,
				EA56E266F7A5EDE5ABA1B699 /* BBHistorySection.swift in Sources */,
				E71A50FD691737FE791A71C7 /* BBMeasureSlider.swift in Sources */,
				45407FD7DC14E1EB45FB9192 /* BBTheme.swift in Sources */,
				CAFBAD395A557E5CA4089556 /* Baby.swift in Sources */,
				FB0FF5DF7128177F2AC5DDD4 /* BabyBloomApp.swift in Sources */,
				6FEF92A079394ADACD9CFC0F /* BabyProfileEditSheet.swift in Sources */,
				728453337AF25648757458E8 /* BirthPage.swift in Sources */,
				3B2DEE198657ED893C78016C /* CustomEvent.swift in Sources */,
				E341CA4DEC91DEACE0BC5629 /* DashboardView.swift in Sources */,
				5D8C5596D133C914D8334DBE /* DiaperEntry.swift in Sources */,
				AFEFB3BD1DC78268E2EBFE2F /* DiaperView.swift in Sources */,
				BFC8E4683F745F07EC41A436 /* EventsView.swift in Sources */,
				616AE957C3EFF4537B3958DB /* ExportGenerator.swift in Sources */,
				86A0A8C5FECF6EA69911BD0E /* ExportView.swift in Sources */,
				3FE874AF7EB96FB4DB3B9E5F /* FactPage.swift in Sources */,
				0DDA3CF5404C2BCE5AF9A6AE /* FeedingEntry.swift in Sources */,
				5A51B05B0B810D61B1B12783 /* FeedingPage.swift in Sources */,
				CB289C9BDBB350ADDE3202F2 /* FeedingView.swift in Sources */,
				15B8335B7F4AF5B7B2A7FDE3 /* GeneratingPage.swift in Sources */,
				49C2E06C5DB3CD452835C742 /* GrowthEntry.swift in Sources */,
				739F26F2A9FDE2385C250D1B /* GrowthPage.swift in Sources */,
				FED7E258489CADAD70A16DB3 /* GrowthView.swift in Sources */,
				37127A4B98A4CA923F322113 /* LocalizationManager.swift in Sources */,
				27A64E73F78D081549F72ECE /* MainTabView.swift in Sources */,
				7B2737EB596E0135A560C902 /* NamePage.swift in Sources */,
				CFC854B30F20463AE386AF22 /* NotificationManager.swift in Sources */,
				1ACEFD1B6DE6102E4A01518F /* OnboardingHelpers.swift in Sources */,
				B436604BCEF9E5ABC00BFE7B /* OnboardingView.swift in Sources */,
				A90DC4F46E6AEDDEC31D4336 /* PaywallView.swift in Sources */,
				D81E16D3FC98473869A72423 /* PremiumPage.swift in Sources */,
				7E62D06C8AA07E74F4692D98 /* RoundedCorner.swift in Sources */,
				40A90B0B08A9F9703C5855C1 /* SleepEntry.swift in Sources */,
				9DB33713F4331904EFEEECEA /* SleepView.swift in Sources */,
				73818BC2EEFFB62EE552AA3E /* SplashView.swift in Sources */,
				C704E8D300CBD48863662E96 /* SubscriptionManager.swift in Sources */,
				11094C9AC10A2830CF27EF8D /* WelcomePage.swift in Sources */,
			);
			runOnlyForDeploymentPostprocessing = 0;
		};
		E9F5D1EE45BD8820F3C0894C /* Sources */ = {
			isa = PBXSourcesBuildPhase;
			buildActionMask = 2147483647;
			files = (
				B9B272926DD1709F762BF3B2 /* BabyBloomTests.swift in Sources */,
				9844E1C0F255E0F05E832A88 /* ExportGeneratorTests.swift in Sources */,
				5F59D720E48B7CEB77CE9A60 /* NotificationManagerTests.swift in Sources */,
			);
			runOnlyForDeploymentPostprocessing = 0;
		};
/* End PBXSourcesBuildPhase section */

/* Begin PBXTargetDependency section */
		03FC87CEC7E4155ED09A3F35 /* PBXTargetDependency */ = {
			isa = PBXTargetDependency;
			target = 1783A135DACD15C119109A60 /* BabyBloomWidget */;
			targetProxy = 9C5B30E0ED4C01AF8040ADC5 /* PBXContainerItemProxy */;
		};
		36484089DB8FAE83EEE9E52E /* PBXTargetDependency */ = {
			isa = PBXTargetDependency;
			target = ECF575830BB605F17ED07516 /* BabyBloom */;
			targetProxy = 367CCF15278947BA0A4C557B /* PBXContainerItemProxy */;
		};
/* End PBXTargetDependency section */

/* Begin PBXVariantGroup section */
		00E206A2E013B64EC6C14D22 /* InfoPlist.strings */ = {
			isa = PBXVariantGroup;
			children = (
				46CFF5A9567092348158A1F6 /* en */,
				80CD9E9FC340B4479EAAF3F4 /* es */,
				AF132187ABB4B5BC1E7D47B2 /* ru */,
			);
			name = InfoPlist.strings;
			sourceTree = "<group>";
		};
		EE8685CB2AD18166EE41F8A8 /* Localizable.strings */ = {
			isa = PBXVariantGroup;
			children = (
				644515209EA60A36FDBED57B /* en */,
				746386F98BFD0DD10C3A862C /* ru */,
			);
			name = Localizable.strings;
			sourceTree = "<group>";
		};
/* End PBXVariantGroup section */

/* Begin XCBuildConfiguration section */
		13D5C4E7EE87EFB39AB56C11 /* Debug */ = {
			isa = XCBuildConfiguration;
			buildSettings = {
				CODE_SIGN_ENTITLEMENTS = BabyBloomWidget/BabyBloomWidget.entitlements;
				CODE_SIGN_STYLE = Automatic;
				INFOPLIST_FILE = BabyBloomWidget/Info.plist;
				IPHONEOS_DEPLOYMENT_TARGET = 17.0;
				LD_RUNPATH_SEARCH_PATHS = (
					"$(inherited)",
					"@executable_path/Frameworks",
					"@executable_path/../../Frameworks",
				);
				PRODUCT_BUNDLE_IDENTIFIER = com.nenita.app.widget;
				SDKROOT = iphoneos;
				SWIFT_VERSION = 6.0;
				TARGETED_DEVICE_FAMILY = "1,2";
			};
			name = Debug;
		};
		45634FED93A1818248E93051 /* Debug */ = {
			isa = XCBuildConfiguration;
			buildSettings = {
				ALWAYS_SEARCH_USER_PATHS = NO;
				CLANG_ANALYZER_NONNULL = YES;
				CLANG_ANALYZER_NUMBER_OBJECT_CONVERSION = YES_AGGRESSIVE;
				CLANG_CXX_LANGUAGE_STANDARD = "gnu++14";
				CLANG_CXX_LIBRARY = "libc++";
				CLANG_ENABLE_MODULES = YES;
				CLANG_ENABLE_OBJC_ARC = YES;
				CLANG_ENABLE_OBJC_WEAK = YES;
				CLANG_WARN_BLOCK_CAPTURE_AUTORELEASING = YES;
				CLANG_WARN_BOOL_CONVERSION = YES;
				CLANG_WARN_COMMA = YES;
				CLANG_WARN_CONSTANT_CONVERSION = YES;
				CLANG_WARN_DEPRECATED_OBJC_IMPLEMENTATIONS = YES;
				CLANG_WARN_DIRECT_OBJC_ISA_USAGE = YES_ERROR;
				CLANG_WARN_DOCUMENTATION_COMMENTS = YES;
				CLANG_WARN_EMPTY_BODY = YES;
				CLANG_WARN_ENUM_CONVERSION = YES;
				CLANG_WARN_INFINITE_RECURSION = YES;
				CLANG_WARN_INT_CONVERSION = YES;
				CLANG_WARN_NON_LITERAL_NULL_CONVERSION = YES;
				CLANG_WARN_OBJC_IMPLICIT_RETAIN_SELF = YES;
				CLANG_WARN_OBJC_LITERAL_CONVERSION = YES;
				CLANG_WARN_OBJC_ROOT_CLASS = YES_ERROR;
				CLANG_WARN_QUOTED_INCLUDE_IN_FRAMEWORK_HEADER = YES;
				CLANG_WARN_RANGE_LOOP_ANALYSIS = YES;
				CLANG_WARN_STRICT_PROTOTYPES = YES;
				CLANG_WARN_SUSPICIOUS_MOVE = YES;
				CLANG_WARN_UNGUARDED_AVAILABILITY = YES_AGGRESSIVE;
				CLANG_WARN_UNREACHABLE_CODE = YES;
				CLANG_WARN__DUPLICATE_METHOD_MATCH = YES;
				COPY_PHASE_STRIP = NO;
				CURRENT_PROJECT_VERSION = 2;
				DEBUG_INFORMATION_FORMAT = dwarf;
				DEVELOPMENT_TEAM = 6T959D75QM;
				ENABLE_STRICT_OBJC_MSGSEND = YES;
				ENABLE_TESTABILITY = YES;
				GCC_C_LANGUAGE_STANDARD = gnu11;
				GCC_DYNAMIC_NO_PIC = NO;
				GCC_NO_COMMON_BLOCKS = YES;
				GCC_OPTIMIZATION_LEVEL = 0;
				GCC_PREPROCESSOR_DEFINITIONS = (
					"$(inherited)",
					"DEBUG=1",
				);
				GCC_WARN_64_TO_32_BIT_CONVERSION = YES;
				GCC_WARN_ABOUT_RETURN_TYPE = YES_ERROR;
				GCC_WARN_UNDECLARED_SELECTOR = YES;
				GCC_WARN_UNINITIALIZED_AUTOS = YES_AGGRESSIVE;
				GCC_WARN_UNUSED_FUNCTION = YES;
				GCC_WARN_UNUSED_VARIABLE = YES;
				IPHONEOS_DEPLOYMENT_TARGET = 17.0;
				MARKETING_VERSION = 1.0.0;
				MTL_ENABLE_DEBUG_INFO = INCLUDE_SOURCE;
				MTL_FAST_MATH = YES;
				ONLY_ACTIVE_ARCH = YES;
				PRODUCT_NAME = "$(TARGET_NAME)";
				SDKROOT = iphoneos;
				SWIFT_ACTIVE_COMPILATION_CONDITIONS = DEBUG;
				SWIFT_OPTIMIZATION_LEVEL = "-Onone";
				SWIFT_VERSION = 6.0;
			};
			name = Debug;
		};
		57F6F498D257C877549545A0 /* Debug */ = {
			isa = XCBuildConfiguration;
			buildSettings = {
				ASSETCATALOG_COMPILER_APPICON_NAME = AppIcon;
				ASSETCATALOG_COMPILER_GLOBAL_ACCENT_COLOR_NAME = AccentColor;
				CODE_SIGN_ENTITLEMENTS = BabyBloom/Resources/BabyBloom.entitlements;
				CODE_SIGN_IDENTITY = "iPhone Developer";
				CODE_SIGN_STYLE = Automatic;
				DEVELOPMENT_TEAM = 6T959D75QM;
				ENABLE_PREVIEW_CONTENT = YES;
				INFOPLIST_FILE = BabyBloom/Resources/Info.plist;
				IPHONEOS_DEPLOYMENT_TARGET = 17.0;
				LD_RUNPATH_SEARCH_PATHS = (
					"$(inherited)",
					"@executable_path/Frameworks",
				);
				PRODUCT_BUNDLE_IDENTIFIER = com.nenita.app;
				SDKROOT = iphoneos;
				SUPPORTS_MAC_DESIGNED_FOR_IPHONE_IPAD = NO;
				SWIFT_VERSION = 6.0;
				TARGETED_DEVICE_FAMILY = "1,2";
			};
			name = Debug;
		};
		5E82EDD754178737A4088C27 /* Release */ = {
			isa = XCBuildConfiguration;
			buildSettings = {
				ALWAYS_SEARCH_USER_PATHS = NO;
				CLANG_ANALYZER_NONNULL = YES;
				CLANG_ANALYZER_NUMBER_OBJECT_CONVERSION = YES_AGGRESSIVE;
				CLANG_CXX_LANGUAGE_STANDARD = "gnu++14";
				CLANG_CXX_LIBRARY = "libc++";
				CLANG_ENABLE_MODULES = YES;
				CLANG_ENABLE_OBJC_ARC = YES;
				CLANG_ENABLE_OBJC_WEAK = YES;
				CLANG_WARN_BLOCK_CAPTURE_AUTORELEASING = YES;
				CLANG_WARN_BOOL_CONVERSION = YES;
				CLANG_WARN_COMMA = YES;
				CLANG_WARN_CONSTANT_CONVERSION = YES;
				CLANG_WARN_DEPRECATED_OBJC_IMPLEMENTATIONS = YES;
				CLANG_WARN_DIRECT_OBJC_ISA_USAGE = YES_ERROR;
				CLANG_WARN_DOCUMENTATION_COMMENTS = YES;
				CLANG_WARN_EMPTY_BODY = YES;
				CLANG_WARN_ENUM_CONVERSION = YES;
				CLANG_WARN_INFINITE_RECURSION = YES;
				CLANG_WARN_INT_CONVERSION = YES;
				CLANG_WARN_NON_LITERAL_NULL_CONVERSION = YES;
				CLANG_WARN_OBJC_IMPLICIT_RETAIN_SELF = YES;
				CLANG_WARN_OBJC_LITERAL_CONVERSION = YES;
				CLANG_WARN_OBJC_ROOT_CLASS = YES_ERROR;
				CLANG_WARN_QUOTED_INCLUDE_IN_FRAMEWORK_HEADER = YES;
				CLANG_WARN_RANGE_LOOP_ANALYSIS = YES;
				CLANG_WARN_STRICT_PROTOTYPES = YES;
				CLANG_WARN_SUSPICIOUS_MOVE = YES;
				CLANG_WARN_UNGUARDED_AVAILABILITY = YES_AGGRESSIVE;
				CLANG_WARN_UNREACHABLE_CODE = YES;
				CLANG_WARN__DUPLICATE_METHOD_MATCH = YES;
				COPY_PHASE_STRIP = NO;
				CURRENT_PROJECT_VERSION = 2;
				DEBUG_INFORMATION_FORMAT = "dwarf-with-dsym";
				DEVELOPMENT_TEAM = 6T959D75QM;
				ENABLE_NS_ASSERTIONS = NO;
				ENABLE_STRICT_OBJC_MSGSEND = YES;
				GCC_C_LANGUAGE_STANDARD = gnu11;
				GCC_NO_COMMON_BLOCKS = YES;
				GCC_WARN_64_TO_32_BIT_CONVERSION = YES;
				GCC_WARN_ABOUT_RETURN_TYPE = YES_ERROR;
				GCC_WARN_UNDECLARED_SELECTOR = YES;
				GCC_WARN_UNINITIALIZED_AUTOS = YES_AGGRESSIVE;
				GCC_WARN_UNUSED_FUNCTION = YES;
				GCC_WARN_UNUSED_VARIABLE = YES;
				IPHONEOS_DEPLOYMENT_TARGET = 17.0;
				MARKETING_VERSION = 1.0.0;
				MTL_ENABLE_DEBUG_INFO = NO;
				MTL_FAST_MATH = YES;
				PRODUCT_NAME = "$(TARGET_NAME)";
				SDKROOT = iphoneos;
				SWIFT_COMPILATION_MODE = wholemodule;
				SWIFT_OPTIMIZATION_LEVEL = "-O";
				SWIFT_VERSION = 6.0;
			};
			name = Release;
		};
		6CD6E641EEFA1F6E8091801D /* Debug */ = {
			isa = XCBuildConfiguration;
			buildSettings = {
				BUNDLE_LOADER = "$(TEST_HOST)";
				GENERATE_INFOPLIST_FILE = YES;
				IPHONEOS_DEPLOYMENT_TARGET = 17.0;
				LD_RUNPATH_SEARCH_PATHS = (
					"$(inherited)",
					"@executable_path/Frameworks",
					"@loader_path/Frameworks",
				);
				PRODUCT_BUNDLE_IDENTIFIER = com.nenita.app.tests;
				SDKROOT = iphoneos;
				SWIFT_VERSION = 6.0;
				TARGETED_DEVICE_FAMILY = "1,2";
				TEST_HOST = "$(BUILT_PRODUCTS_DIR)/BabyBloom.app/BabyBloom";
			};
			name = Debug;
		};
		B47C9DCE5735BB3A41A33803 /* Release */ = {
			isa = XCBuildConfiguration;
			buildSettings = {
				ASSETCATALOG_COMPILER_APPICON_NAME = AppIcon;
				ASSETCATALOG_COMPILER_GLOBAL_ACCENT_COLOR_NAME = AccentColor;
				CODE_SIGN_ENTITLEMENTS = BabyBloom/Resources/BabyBloom.entitlements;
				CODE_SIGN_IDENTITY = "iPhone Developer";
				CODE_SIGN_STYLE = Automatic;
				DEVELOPMENT_TEAM = 6T959D75QM;
				ENABLE_PREVIEW_CONTENT = YES;
				INFOPLIST_FILE = BabyBloom/Resources/Info.plist;
				IPHONEOS_DEPLOYMENT_TARGET = 17.0;
				LD_RUNPATH_SEARCH_PATHS = (
					"$(inherited)",
					"@executable_path/Frameworks",
				);
				PRODUCT_BUNDLE_IDENTIFIER = com.nenita.app;
				SDKROOT = iphoneos;
				SUPPORTS_MAC_DESIGNED_FOR_IPHONE_IPAD = NO;
				SWIFT_VERSION = 6.0;
				TARGETED_DEVICE_FAMILY = "1,2";
			};
			name = Release;
		};
		CF207BB8BF7AC6894DA5404A /* Release */ = {
			isa = XCBuildConfiguration;
			buildSettings = {
				BUNDLE_LOADER = "$(TEST_HOST)";
				GENERATE_INFOPLIST_FILE = YES;
				IPHONEOS_DEPLOYMENT_TARGET = 17.0;
				LD_RUNPATH_SEARCH_PATHS = (
					"$(inherited)",
					"@executable_path/Frameworks",
					"@loader_path/Frameworks",
				);
				PRODUCT_BUNDLE_IDENTIFIER = com.nenita.app.tests;
				SDKROOT = iphoneos;
				SWIFT_VERSION = 6.0;
				TARGETED_DEVICE_FAMILY = "1,2";
				TEST_HOST = "$(BUILT_PRODUCTS_DIR)/BabyBloom.app/BabyBloom";
			};
			name = Release;
		};
		D22DD2CE2D2C98E6192D792F /* Release */ = {
			isa = XCBuildConfiguration;
			buildSettings = {
				CODE_SIGN_ENTITLEMENTS = BabyBloomWidget/BabyBloomWidget.entitlements;
				CODE_SIGN_STYLE = Automatic;
				INFOPLIST_FILE = BabyBloomWidget/Info.plist;
				IPHONEOS_DEPLOYMENT_TARGET = 17.0;
				LD_RUNPATH_SEARCH_PATHS = (
					"$(inherited)",
					"@executable_path/Frameworks",
					"@executable_path/../../Frameworks",
				);
				PRODUCT_BUNDLE_IDENTIFIER = com.nenita.app.widget;
				SDKROOT = iphoneos;
				SWIFT_VERSION = 6.0;
				TARGETED_DEVICE_FAMILY = "1,2";
			};
			name = Release;
		};
/* End XCBuildConfiguration section */

/* Begin XCConfigurationList section */
		0ADA1710D1E281DDC29D03B5 /* Build configuration list for PBXNativeTarget "BabyBloomWidget" */ = {
			isa = XCConfigurationList;
			buildConfigurations = (
				13D5C4E7EE87EFB39AB56C11 /* Debug */,
				D22DD2CE2D2C98E6192D792F /* Release */,
			);
			defaultConfigurationIsVisible = 0;
			defaultConfigurationName = Debug;
		};
		7D9A3D25B5AC4B427F8FE10B /* Build configuration list for PBXNativeTarget "BabyBloom" */ = {
			isa = XCConfigurationList;
			buildConfigurations = (
				57F6F498D257C877549545A0 /* Debug */,
				B47C9DCE5735BB3A41A33803 /* Release */,
			);
			defaultConfigurationIsVisible = 0;
			defaultConfigurationName = Debug;
		};
		A910E85B4A749C8E7FBAE2FE /* Build configuration list for PBXProject "BabyBloom" */ = {
			isa = XCConfigurationList;
			buildConfigurations = (
				45634FED93A1818248E93051 /* Debug */,
				5E82EDD754178737A4088C27 /* Release */,
			);
			defaultConfigurationIsVisible = 0;
			defaultConfigurationName = Debug;
		};
		E951EC46E7588ECFF33F37FD /* Build configuration list for PBXNativeTarget "BabyBloomTests" */ = {
			isa = XCConfigurationList;
			buildConfigurations = (
				6CD6E641EEFA1F6E8091801D /* Debug */,
				CF207BB8BF7AC6894DA5404A /* Release */,
			);
			defaultConfigurationIsVisible = 0;
			defaultConfigurationName = Debug;
		};
/* End XCConfigurationList section */
	};
	rootObject = 922BA19260D5394951FA96E0 /* Project object */;
}
